# THIS IS AN AUTOGENERATED FILE. DO NOT EDIT THIS FILE DIRECTLY.
# yarn lockfile v1


leetspeak@^0.0.1:
  version "0.0.1"
  resolved "https://registry.yarnpkg.com/leetspeak/-/leetspeak-0.0.1.tgz#141d8c2e0faf32461dfdaaa798c0b5bd4fddd7e8"

multichar-regex@~2.0.0:
  version "2.0.0"
  resolved "https://registry.yarnpkg.com/multichar-regex/-/multichar-regex-2.0.0.tgz#a6f58c96d755ecf04196c18a891a2fdfbef92091"

to-zalgo@^1.0.1:
  version "1.0.1"
  resolved "https://registry.yarnpkg.com/to-zalgo/-/to-zalgo-1.0.1.tgz#eb7f4046fb72fd23701dd9caa39da43f5c7f03a7"
  dependencies:
    unicode-string "^1.0.0"

unicode-string@^1.0.0:
  version "1.1.1"
  resolved "https://registry.yarnpkg.com/unicode-string/-/unicode-string-1.1.1.tgz#01c43f61e431c499c4db229622b80ca7053fea85"
  dependencies:
    multichar-regex "~2.0.0"
